
Microsoft Visual Studio Solution File, Format Version 12.00
# Visual Studio 15
VisualStudioVersion = 15.0.28307.489
MinimumVisualStudioVersion = 10.0.40219.1
Project("{FAE04EC0-301F-11D3-BF4B-00C04F79EFBC}") = "UnBoundMode_CheckBox.Android", "UnBoundMode_CheckBox\UnBoundMode_CheckBox.Android\UnBoundMode_CheckBox.Android.csproj", "{684304ED-F6BB-434D-AC67-28B64CC878C9}"
EndProject
Project("{FAE04EC0-301F-11D3-BF4B-00C04F79EFBC}") = "UnBoundMode_CheckBox.iOS", "UnBoundMode_CheckBox\UnBoundMode_CheckBox.iOS\UnBoundMode_CheckBox.iOS.csproj", "{69C17C98-3087-4E37-B29D-1954C7551269}"
EndProject
Project("{FAE04EC0-301F-11D3-BF4B-00C04F79EFBC}") = "UnBoundMode_CheckBox.UWP", "UnBoundMode_CheckBox\UnBoundMode_CheckBox.UWP\UnBoundMode_CheckBox.UWP.csproj", "{E5BA0CA3-F042-4C2A-AE6A-DE5DE997E0EA}"
EndProject
Project("{FAE04EC0-301F-11D3-BF4B-00C04F79EFBC}") = "UnBoundMode_CheckBox", "UnBoundMode_CheckBox\UnBoundMode_CheckBox\UnBoundMode_CheckBox.csproj", "{27379BBB-C3EB-45C5-BBBB-334FB1FB957A}"
EndProject
Global
	GlobalSection(SolutionConfigurationPlatforms) = preSolution
		Ad-Hoc|Any CPU = Ad-Hoc|Any CPU
		Ad-Hoc|ARM = Ad-Hoc|ARM
		Ad-Hoc|iPhone = Ad-Hoc|iPhone
		Ad-Hoc|iPhoneSimulator = Ad-Hoc|iPhoneSimulator
		Ad-Hoc|x64 = Ad-Hoc|x64
		Ad-Hoc|x86 = Ad-Hoc|x86
		AppStore|Any CPU = AppStore|Any CPU
		AppStore|ARM = AppStore|ARM
		AppStore|iPhone = AppStore|iPhone
		AppStore|iPhoneSimulator = AppStore|iPhoneSimulator
		AppStore|x64 = AppStore|x64
		AppStore|x86 = AppStore|x86
		Debug|Any CPU = Debug|Any CPU
		Debug|ARM = Debug|ARM
		Debug|iPhone = Debug|iPhone
		Debug|iPhoneSimulator = Debug|iPhoneSimulator
		Debug|x64 = Debug|x64
		Debug|x86 = Debug|x86
		Release|Any CPU = Release|Any CPU
		Release|ARM = Release|ARM
		Release|iPhone = Release|iPhone
		Release|iPhoneSimulator = Release|iPhoneSimulator
		Release|x64 = Release|x64
		Release|x86 = Release|x86
	EndGlobalSection
	GlobalSection(ProjectConfigurationPlatforms) = postSolution
		{684304ED-F6BB-434D-AC67-28B64CC878C9}.Ad-Hoc|Any CPU.ActiveCfg = Release|Any CPU
		{684304ED-F6BB-434D-AC67-28B64CC878C9}.Ad-Hoc|Any CPU.Build.0 = Release|Any CPU
		{684304ED-F6BB-434D-AC67-28B64CC878C9}.Ad-Hoc|Any CPU.Deploy.0 = Release|Any CPU
		{684304ED-F6BB-434D-AC67-28B64CC878C9}.Ad-Hoc|ARM.ActiveCfg = Release|Any CPU
		{684304ED-F6BB-434D-AC67-28B64CC878C9}.Ad-Hoc|ARM.Build.0 = Release|Any CPU
		{684304ED-F6BB-434D-AC67-28B64CC878C9}.Ad-Hoc|ARM.Deploy.0 = Release|Any CPU
		{684304ED-F6BB-434D-AC67-28B64CC878C9}.Ad-Hoc|iPhone.ActiveCfg = Release|Any CPU
		{684304ED-F6BB-434D-AC67-28B64CC878C9}.Ad-Hoc|iPhone.Build.0 = Release|Any CPU
		{684304ED-F6BB-434D-AC67-28B64CC878C9}.Ad-Hoc|iPhone.Deploy.0 = Release|Any CPU
		{684304ED-F6BB-434D-AC67-28B64CC878C9}.Ad-Hoc|iPhoneSimulator.ActiveCfg = Release|Any CPU
		{684304ED-F6BB-434D-AC67-28B64CC878C9}.Ad-Hoc|iPhoneSimulator.Build.0 = Release|Any CPU
		{684304ED-F6BB-434D-AC67-28B64CC878C9}.Ad-Hoc|iPhoneSimulator.Deploy.0 = Release|Any CPU
		{684304ED-F6BB-434D-AC67-28B64CC878C9}.Ad-Hoc|x64.ActiveCfg = Release|Any CPU
		{684304ED-F6BB-434D-AC67-28B64CC878C9}.Ad-Hoc|x64.Build.0 = Release|Any CPU
		{684304ED-F6BB-434D-AC67-28B64CC878C9}.Ad-Hoc|x64.Deploy.0 = Release|Any CPU
		{684304ED-F6BB-434D-AC67-28B64CC878C9}.Ad-Hoc|x86.ActiveCfg = Release|Any CPU
		{684304ED-F6BB-434D-AC67-28B64CC878C9}.Ad-Hoc|x86.Build.0 = Release|Any CPU
		{684304ED-F6BB-434D-AC67-28B64CC878C9}.Ad-Hoc|x86.Deploy.0 = Release|Any CPU
		{684304ED-F6BB-434D-AC67-28B64CC878C9}.AppStore|Any CPU.ActiveCfg = Release|Any CPU
		{684304ED-F6BB-434D-AC67-28B64CC878C9}.AppStore|Any CPU.Build.0 = Release|Any CPU
		{684304ED-F6BB-434D-AC67-28B64CC878C9}.AppStore|Any CPU.Deploy.0 = Release|Any CPU
		{684304ED-F6BB-434D-AC67-28B64CC878C9}.AppStore|ARM.ActiveCfg = Release|Any CPU
		{684304ED-F6BB-434D-AC67-28B64CC878C9}.AppStore|ARM.Build.0 = Release|Any CPU
		{684304ED-F6BB-434D-AC67-28B64CC878C9}.AppStore|ARM.Deploy.0 = Release|Any CPU
		{684304ED-F6BB-434D-AC67-28B64CC878C9}.AppStore|iPhone.ActiveCfg = Release|Any CPU
		{684304ED-F6BB-434D-AC67-28B64CC878C9}.AppStore|iPhone.Build.0 = Release|Any CPU
		{684304ED-F6BB-434D-AC67-28B64CC878C9}.AppStore|iPhone.Deploy.0 = Release|Any CPU
		{684304ED-F6BB-434D-AC67-28B64CC878C9}.AppStore|iPhoneSimulator.ActiveCfg = Release|Any CPU
		{684304ED-F6BB-434D-AC67-28B64CC878C9}.AppStore|iPhoneSimulator.Build.0 = Release|Any CPU
		{684304ED-F6BB-434D-AC67-28B64CC878C9}.AppStore|iPhoneSimulator.Deploy.0 = Release|Any CPU
		{684304ED-F6BB-434D-AC67-28B64CC878C9}.AppStore|x64.ActiveCfg = Release|Any CPU
		{684304ED-F6BB-434D-AC67-28B64CC878C9}.AppStore|x64.Build.0 = Release|Any CPU
		{684304ED-F6BB-434D-AC67-28B64CC878C9}.AppStore|x64.Deploy.0 = Release|Any CPU
		{684304ED-F6BB-434D-AC67-28B64CC878C9}.AppStore|x86.ActiveCfg = Release|Any CPU
		{684304ED-F6BB-434D-AC67-28B64CC878C9}.AppStore|x86.Build.0 = Release|Any CPU
		{684304ED-F6BB-434D-AC67-28B64CC878C9}.AppStore|x86.Deploy.0 = Release|Any CPU
		{684304ED-F6BB-434D-AC67-28B64CC878C9}.Debug|Any CPU.ActiveCfg = Debug|Any CPU
		{684304ED-F6BB-434D-AC67-28B64CC878C9}.Debug|Any CPU.Build.0 = Debug|Any CPU
		{684304ED-F6BB-434D-AC67-28B64CC878C9}.Debug|Any CPU.Deploy.0 = Debug|Any CPU
		{684304ED-F6BB-434D-AC67-28B64CC878C9}.Debug|ARM.ActiveCfg = Debug|Any CPU
		{684304ED-F6BB-434D-AC67-28B64CC878C9}.Debug|ARM.Build.0 = Debug|Any CPU
		{684304ED-F6BB-434D-AC67-28B64CC878C9}.Debug|ARM.Deploy.0 = Debug|Any CPU
		{684304ED-F6BB-434D-AC67-28B64CC878C9}.Debug|iPhone.ActiveCfg = Debug|Any CPU
		{684304ED-F6BB-434D-AC67-28B64CC878C9}.Debug|iPhone.Build.0 = Debug|Any CPU
		{684304ED-F6BB-434D-AC67-28B64CC878C9}.Debug|iPhone.Deploy.0 = Debug|Any CPU
		{684304ED-F6BB-434D-AC67-28B64CC878C9}.Debug|iPhoneSimulator.ActiveCfg = Debug|Any CPU
		{684304ED-F6BB-434D-AC67-28B64CC878C9}.Debug|iPhoneSimulator.Build.0 = Debug|Any CPU
		{684304ED-F6BB-434D-AC67-28B64CC878C9}.Debug|iPhoneSimulator.Deploy.0 = Debug|Any CPU
		{684304ED-F6BB-434D-AC67-28B64CC878C9}.Debug|x64.ActiveCfg = Debug|Any CPU
		{684304ED-F6BB-434D-AC67-28B64CC878C9}.Debug|x64.Build.0 = Debug|Any CPU
		{684304ED-F6BB-434D-AC67-28B64CC878C9}.Debug|x64.Deploy.0 = Debug|Any CPU
		{684304ED-F6BB-434D-AC67-28B64CC878C9}.Debug|x86.ActiveCfg = Debug|Any CPU
		{684304ED-F6BB-434D-AC67-28B64CC878C9}.Debug|x86.Build.0 = Debug|Any CPU
		{684304ED-F6BB-434D-AC67-28B64CC878C9}.Debug|x86.Deploy.0 = Debug|Any CPU
		{684304ED-F6BB-434D-AC67-28B64CC878C9}.Release|Any CPU.ActiveCfg = Release|Any CPU
		{684304ED-F6BB-434D-AC67-28B64CC878C9}.Release|Any CPU.Build.0 = Release|Any CPU
		{684304ED-F6BB-434D-AC67-28B64CC878C9}.Release|Any CPU.Deploy.0 = Release|Any CPU
		{684304ED-F6BB-434D-AC67-28B64CC878C9}.Release|ARM.ActiveCfg = Release|Any CPU
		{684304ED-F6BB-434D-AC67-28B64CC878C9}.Release|ARM.Build.0 = Release|Any CPU
		{684304ED-F6BB-434D-AC67-28B64CC878C9}.Release|ARM.Deploy.0 = Release|Any CPU
		{684304ED-F6BB-434D-AC67-28B64CC878C9}.Release|iPhone.ActiveCfg = Release|Any CPU
		{684304ED-F6BB-434D-AC67-28B64CC878C9}.Release|iPhone.Build.0 = Release|Any CPU
		{684304ED-F6BB-434D-AC67-28B64CC878C9}.Release|iPhone.Deploy.0 = Release|Any CPU
		{684304ED-F6BB-434D-AC67-28B64CC878C9}.Release|iPhoneSimulator.ActiveCfg = Release|Any CPU
		{684304ED-F6BB-434D-AC67-28B64CC878C9}.Release|iPhoneSimulator.Build.0 = Release|Any CPU
		{684304ED-F6BB-434D-AC67-28B64CC878C9}.Release|iPhoneSimulator.Deploy.0 = Release|Any CPU
		{684304ED-F6BB-434D-AC67-28B64CC878C9}.Release|x64.ActiveCfg = Release|Any CPU
		{684304ED-F6BB-434D-AC67-28B64CC878C9}.Release|x64.Build.0 = Release|Any CPU
		{684304ED-F6BB-434D-AC67-28B64CC878C9}.Release|x64.Deploy.0 = Release|Any CPU
		{684304ED-F6BB-434D-AC67-28B64CC878C9}.Release|x86.ActiveCfg = Release|Any CPU
		{684304ED-F6BB-434D-AC67-28B64CC878C9}.Release|x86.Build.0 = Release|Any CPU
		{684304ED-F6BB-434D-AC67-28B64CC878C9}.Release|x86.Deploy.0 = Release|Any CPU
		{69C17C98-3087-4E37-B29D-1954C7551269}.Ad-Hoc|Any CPU.ActiveCfg = Ad-Hoc|iPhone
		{69C17C98-3087-4E37-B29D-1954C7551269}.Ad-Hoc|Any CPU.Build.0 = Ad-Hoc|iPhone
		{69C17C98-3087-4E37-B29D-1954C7551269}.Ad-Hoc|Any CPU.Deploy.0 = Ad-Hoc|iPhone
		{69C17C98-3087-4E37-B29D-1954C7551269}.Ad-Hoc|ARM.ActiveCfg = Ad-Hoc|iPhone
		{69C17C98-3087-4E37-B29D-1954C7551269}.Ad-Hoc|ARM.Build.0 = Ad-Hoc|iPhone
		{69C17C98-3087-4E37-B29D-1954C7551269}.Ad-Hoc|ARM.Deploy.0 = Ad-Hoc|iPhone
		{69C17C98-3087-4E37-B29D-1954C7551269}.Ad-Hoc|iPhone.ActiveCfg = Ad-Hoc|iPhone
		{69C17C98-3087-4E37-B29D-1954C7551269}.Ad-Hoc|iPhone.Build.0 = Ad-Hoc|iPhone
		{69C17C98-3087-4E37-B29D-1954C7551269}.Ad-Hoc|iPhone.Deploy.0 = Ad-Hoc|iPhone
		{69C17C98-3087-4E37-B29D-1954C7551269}.Ad-Hoc|iPhoneSimulator.ActiveCfg = Ad-Hoc|iPhoneSimulator
		{69C17C98-3087-4E37-B29D-1954C7551269}.Ad-Hoc|iPhoneSimulator.Build.0 = Ad-Hoc|iPhoneSimulator
		{69C17C98-3087-4E37-B29D-1954C7551269}.Ad-Hoc|iPhoneSimulator.Deploy.0 = Ad-Hoc|iPhoneSimulator
		{69C17C98-3087-4E37-B29D-1954C7551269}.Ad-Hoc|x64.ActiveCfg = Ad-Hoc|iPhone
		{69C17C98-3087-4E37-B29D-1954C7551269}.Ad-Hoc|x64.Build.0 = Ad-Hoc|iPhone
		{69C17C98-3087-4E37-B29D-1954C7551269}.Ad-Hoc|x64.Deploy.0 = Ad-Hoc|iPhone
		{69C17C98-3087-4E37-B29D-1954C7551269}.Ad-Hoc|x86.ActiveCfg = Ad-Hoc|iPhone
		{69C17C98-3087-4E37-B29D-1954C7551269}.Ad-Hoc|x86.Build.0 = Ad-Hoc|iPhone
		{69C17C98-3087-4E37-B29D-1954C7551269}.Ad-Hoc|x86.Deploy.0 = Ad-Hoc|iPhone
		{69C17C98-3087-4E37-B29D-1954C7551269}.AppStore|Any CPU.ActiveCfg = AppStore|iPhone
		{69C17C98-3087-4E37-B29D-1954C7551269}.AppStore|Any CPU.Build.0 = AppStore|iPhone
		{69C17C98-3087-4E37-B29D-1954C7551269}.AppStore|Any CPU.Deploy.0 = AppStore|iPhone
		{69C17C98-3087-4E37-B29D-1954C7551269}.AppStore|ARM.ActiveCfg = AppStore|iPhone
		{69C17C98-3087-4E37-B29D-1954C7551269}.AppStore|ARM.Build.0 = AppStore|iPhone
		{69C17C98-3087-4E37-B29D-1954C7551269}.AppStore|ARM.Deploy.0 = AppStore|iPhone
		{69C17C98-3087-4E37-B29D-1954C7551269}.AppStore|iPhone.ActiveCfg = AppStore|iPhone
		{69C17C98-3087-4E37-B29D-1954C7551269}.AppStore|iPhone.Build.0 = AppStore|iPhone
		{69C17C98-3087-4E37-B29D-1954C7551269}.AppStore|iPhone.Deploy.0 = AppStore|iPhone
		{69C17C98-3087-4E37-B29D-1954C7551269}.AppStore|iPhoneSimulator.ActiveCfg = AppStore|iPhoneSimulator
		{69C17C98-3087-4E37-B29D-1954C7551269}.AppStore|iPhoneSimulator.Build.0 = AppStore|iPhoneSimulator
		{69C17C98-3087-4E37-B29D-1954C7551269}.AppStore|iPhoneSimulator.Deploy.0 = AppStore|iPhoneSimulator
		{69C17C98-3087-4E37-B29D-1954C7551269}.AppStore|x64.ActiveCfg = AppStore|iPhone
		{69C17C98-3087-4E37-B29D-1954C7551269}.AppStore|x64.Build.0 = AppStore|iPhone
		{69C17C98-3087-4E37-B29D-1954C7551269}.AppStore|x64.Deploy.0 = AppStore|iPhone
		{69C17C98-3087-4E37-B29D-1954C7551269}.AppStore|x86.ActiveCfg = AppStore|iPhone
		{69C17C98-3087-4E37-B29D-1954C7551269}.AppStore|x86.Build.0 = AppStore|iPhone
		{69C17C98-3087-4E37-B29D-1954C7551269}.AppStore|x86.Deploy.0 = AppStore|iPhone
		{69C17C98-3087-4E37-B29D-1954C7551269}.Debug|Any CPU.ActiveCfg = Debug|iPhoneSimulator
		{69C17C98-3087-4E37-B29D-1954C7551269}.Debug|Any CPU.Build.0 = Debug|iPhoneSimulator
		{69C17C98-3087-4E37-B29D-1954C7551269}.Debug|Any CPU.Deploy.0 = Debug|iPhoneSimulator
		{69C17C98-3087-4E37-B29D-1954C7551269}.Debug|ARM.ActiveCfg = Debug|iPhone
		{69C17C98-3087-4E37-B29D-1954C7551269}.Debug|ARM.Build.0 = Debug|iPhone
		{69C17C98-3087-4E37-B29D-1954C7551269}.Debug|ARM.Deploy.0 = Debug|iPhone
		{69C17C98-3087-4E37-B29D-1954C7551269}.Debug|iPhone.ActiveCfg = Debug|iPhone
		{69C17C98-3087-4E37-B29D-1954C7551269}.Debug|iPhone.Build.0 = Debug|iPhone
		{69C17C98-3087-4E37-B29D-1954C7551269}.Debug|iPhone.Deploy.0 = Debug|iPhone
		{69C17C98-3087-4E37-B29D-1954C7551269}.Debug|iPhoneSimulator.ActiveCfg = Debug|iPhoneSimulator
		{69C17C98-3087-4E37-B29D-1954C7551269}.Debug|iPhoneSimulator.Build.0 = Debug|iPhoneSimulator
		{69C17C98-3087-4E37-B29D-1954C7551269}.Debug|iPhoneSimulator.Deploy.0 = Debug|iPhoneSimulator
		{69C17C98-3087-4E37-B29D-1954C7551269}.Debug|x64.ActiveCfg = Debug|iPhone
		{69C17C98-3087-4E37-B29D-1954C7551269}.Debug|x64.Build.0 = Debug|iPhone
		{69C17C98-3087-4E37-B29D-1954C7551269}.Debug|x64.Deploy.0 = Debug|iPhone
		{69C17C98-3087-4E37-B29D-1954C7551269}.Debug|x86.ActiveCfg = Debug|iPhone
		{69C17C98-3087-4E37-B29D-1954C7551269}.Debug|x86.Build.0 = Debug|iPhone
		{69C17C98-3087-4E37-B29D-1954C7551269}.Debug|x86.Deploy.0 = Debug|iPhone
		{69C17C98-3087-4E37-B29D-1954C7551269}.Release|Any CPU.ActiveCfg = Release|iPhone
		{69C17C98-3087-4E37-B29D-1954C7551269}.Release|Any CPU.Build.0 = Release|iPhone
		{69C17C98-3087-4E37-B29D-1954C7551269}.Release|Any CPU.Deploy.0 = Release|iPhone
		{69C17C98-3087-4E37-B29D-1954C7551269}.Release|ARM.ActiveCfg = Release|iPhone
		{69C17C98-3087-4E37-B29D-1954C7551269}.Release|ARM.Build.0 = Release|iPhone
		{69C17C98-3087-4E37-B29D-1954C7551269}.Release|ARM.Deploy.0 = Release|iPhone
		{69C17C98-3087-4E37-B29D-1954C7551269}.Release|iPhone.ActiveCfg = Release|iPhone
		{69C17C98-3087-4E37-B29D-1954C7551269}.Release|iPhone.Build.0 = Release|iPhone
		{69C17C98-3087-4E37-B29D-1954C7551269}.Release|iPhone.Deploy.0 = Release|iPhone
		{69C17C98-3087-4E37-B29D-1954C7551269}.Release|iPhoneSimulator.ActiveCfg = Release|iPhoneSimulator
		{69C17C98-3087-4E37-B29D-1954C7551269}.Release|iPhoneSimulator.Build.0 = Release|iPhoneSimulator
		{69C17C98-3087-4E37-B29D-1954C7551269}.Release|iPhoneSimulator.Deploy.0 = Release|iPhoneSimulator
		{69C17C98-3087-4E37-B29D-1954C7551269}.Release|x64.ActiveCfg = Release|iPhone
		{69C17C98-3087-4E37-B29D-1954C7551269}.Release|x64.Build.0 = Release|iPhone
		{69C17C98-3087-4E37-B29D-1954C7551269}.Release|x64.Deploy.0 = Release|iPhone
		{69C17C98-3087-4E37-B29D-1954C7551269}.Release|x86.ActiveCfg = Release|iPhone
		{69C17C98-3087-4E37-B29D-1954C7551269}.Release|x86.Build.0 = Release|iPhone
		{69C17C98-3087-4E37-B29D-1954C7551269}.Release|x86.Deploy.0 = Release|iPhone
		{E5BA0CA3-F042-4C2A-AE6A-DE5DE997E0EA}.Ad-Hoc|Any CPU.ActiveCfg = Release|x86
		{E5BA0CA3-F042-4C2A-AE6A-DE5DE997E0EA}.Ad-Hoc|Any CPU.Build.0 = Release|x86
		{E5BA0CA3-F042-4C2A-AE6A-DE5DE997E0EA}.Ad-Hoc|Any CPU.Deploy.0 = Release|x86
		{E5BA0CA3-F042-4C2A-AE6A-DE5DE997E0EA}.Ad-Hoc|ARM.ActiveCfg = Release|ARM
		{E5BA0CA3-F042-4C2A-AE6A-DE5DE997E0EA}.Ad-Hoc|ARM.Build.0 = Release|ARM
		{E5BA0CA3-F042-4C2A-AE6A-DE5DE997E0EA}.Ad-Hoc|ARM.Deploy.0 = Release|ARM
		{E5BA0CA3-F042-4C2A-AE6A-DE5DE997E0EA}.Ad-Hoc|iPhone.ActiveCfg = Release|x86
		{E5BA0CA3-F042-4C2A-AE6A-DE5DE997E0EA}.Ad-Hoc|iPhone.Build.0 = Release|x86
		{E5BA0CA3-F042-4C2A-AE6A-DE5DE997E0EA}.Ad-Hoc|iPhone.Deploy.0 = Release|x86
		{E5BA0CA3-F042-4C2A-AE6A-DE5DE997E0EA}.Ad-Hoc|iPhoneSimulator.ActiveCfg = Release|x86
		{E5BA0CA3-F042-4C2A-AE6A-DE5DE997E0EA}.Ad-Hoc|iPhoneSimulator.Build.0 = Release|x86
		{E5BA0CA3-F042-4C2A-AE6A-DE5DE997E0EA}.Ad-Hoc|iPhoneSimulator.Deploy.0 = Release|x86
		{E5BA0CA3-F042-4C2A-AE6A-DE5DE997E0EA}.Ad-Hoc|x64.ActiveCfg = Release|x64
		{E5BA0CA3-F042-4C2A-AE6A-DE5DE997E0EA}.Ad-Hoc|x64.Build.0 = Release|x64
		{E5BA0CA3-F042-4C2A-AE6A-DE5DE997E0EA}.Ad-Hoc|x64.Deploy.0 = Release|x64
		{E5BA0CA3-F042-4C2A-AE6A-DE5DE997E0EA}.Ad-Hoc|x86.ActiveCfg = Release|x86
		{E5BA0CA3-F042-4C2A-AE6A-DE5DE997E0EA}.Ad-Hoc|x86.Build.0 = Release|x86
		{E5BA0CA3-F042-4C2A-AE6A-DE5DE997E0EA}.Ad-Hoc|x86.Deploy.0 = Release|x86
		{E5BA0CA3-F042-4C2A-AE6A-DE5DE997E0EA}.AppStore|Any CPU.ActiveCfg = Release|x86
		{E5BA0CA3-F042-4C2A-AE6A-DE5DE997E0EA}.AppStore|Any CPU.Build.0 = Release|x86
		{E5BA0CA3-F042-4C2A-AE6A-DE5DE997E0EA}.AppStore|Any CPU.Deploy.0 = Release|x86
		{E5BA0CA3-F042-4C2A-AE6A-DE5DE997E0EA}.AppStore|ARM.ActiveCfg = Release|ARM
		{E5BA0CA3-F042-4C2A-AE6A-DE5DE997E0EA}.AppStore|ARM.Build.0 = Release|ARM
		{E5BA0CA3-F042-4C2A-AE6A-DE5DE997E0EA}.AppStore|ARM.Deploy.0 = Release|ARM
		{E5BA0CA3-F042-4C2A-AE6A-DE5DE997E0EA}.AppStore|iPhone.ActiveCfg = Release|x86
		{E5BA0CA3-F042-4C2A-AE6A-DE5DE997E0EA}.AppStore|iPhone.Build.0 = Release|x86
		{E5BA0CA3-F042-4C2A-AE6A-DE5DE997E0EA}.AppStore|iPhone.Deploy.0 = Release|x86
		{E5BA0CA3-F042-4C2A-AE6A-DE5DE997E0EA}.AppStore|iPhoneSimulator.ActiveCfg = Release|x86
		{E5BA0CA3-F042-4C2A-AE6A-DE5DE997E0EA}.AppStore|iPhoneSimulator.Build.0 = Release|x86
		{E5BA0CA3-F042-4C2A-AE6A-DE5DE997E0EA}.AppStore|iPhoneSimulator.Deploy.0 = Release|x86
		{E5BA0CA3-F042-4C2A-AE6A-DE5DE997E0EA}.AppStore|x64.ActiveCfg = Release|x64
		{E5BA0CA3-F042-4C2A-AE6A-DE5DE997E0EA}.AppStore|x64.Build.0 = Release|x64
		{E5BA0CA3-F042-4C2A-AE6A-DE5DE997E0EA}.AppStore|x64.Deploy.0 = Release|x64
		{E5BA0CA3-F042-4C2A-AE6A-DE5DE997E0EA}.AppStore|x86.ActiveCfg = Release|x86
		{E5BA0CA3-F042-4C2A-AE6A-DE5DE997E0EA}.AppStore|x86.Build.0 = Release|x86
		{E5BA0CA3-F042-4C2A-AE6A-DE5DE997E0EA}.AppStore|x86.Deploy.0 = Release|x86
		{E5BA0CA3-F042-4C2A-AE6A-DE5DE997E0EA}.Debug|Any CPU.ActiveCfg = Debug|x86
		{E5BA0CA3-F042-4C2A-AE6A-DE5DE997E0EA}.Debug|Any CPU.Build.0 = Debug|x86
		{E5BA0CA3-F042-4C2A-AE6A-DE5DE997E0EA}.Debug|Any CPU.Deploy.0 = Debug|x86
		{E5BA0CA3-F042-4C2A-AE6A-DE5DE997E0EA}.Debug|ARM.ActiveCfg = Debug|ARM
		{E5BA0CA3-F042-4C2A-AE6A-DE5DE997E0EA}.Debug|ARM.Build.0 = Debug|ARM
		{E5BA0CA3-F042-4C2A-AE6A-DE5DE997E0EA}.Debug|ARM.Deploy.0 = Debug|ARM
		{E5BA0CA3-F042-4C2A-AE6A-DE5DE997E0EA}.Debug|iPhone.ActiveCfg = Debug|x86
		{E5BA0CA3-F042-4C2A-AE6A-DE5DE997E0EA}.Debug|iPhone.Build.0 = Debug|x86
		{E5BA0CA3-F042-4C2A-AE6A-DE5DE997E0EA}.Debug|iPhone.Deploy.0 = Debug|x86
		{E5BA0CA3-F042-4C2A-AE6A-DE5DE997E0EA}.Debug|iPhoneSimulator.ActiveCfg = Debug|x86
		{E5BA0CA3-F042-4C2A-AE6A-DE5DE997E0EA}.Debug|iPhoneSimulator.Build.0 = Debug|x86
		{E5BA0CA3-F042-4C2A-AE6A-DE5DE997E0EA}.Debug|iPhoneSimulator.Deploy.0 = Debug|x86
		{E5BA0CA3-F042-4C2A-AE6A-DE5DE997E0EA}.Debug|x64.ActiveCfg = Debug|x64
		{E5BA0CA3-F042-4C2A-AE6A-DE5DE997E0EA}.Debug|x64.Build.0 = Debug|x64
		{E5BA0CA3-F042-4C2A-AE6A-DE5DE997E0EA}.Debug|x64.Deploy.0 = Debug|x64
		{E5BA0CA3-F042-4C2A-AE6A-DE5DE997E0EA}.Debug|x86.ActiveCfg = Debug|x86
		{E5BA0CA3-F042-4C2A-AE6A-DE5DE997E0EA}.Debug|x86.Build.0 = Debug|x86
		{E5BA0CA3-F042-4C2A-AE6A-DE5DE997E0EA}.Debug|x86.Deploy.0 = Debug|x86
		{E5BA0CA3-F042-4C2A-AE6A-DE5DE997E0EA}.Release|Any CPU.ActiveCfg = Release|x86
		{E5BA0CA3-F042-4C2A-AE6A-DE5DE997E0EA}.Release|Any CPU.Build.0 = Release|x86
		{E5BA0CA3-F042-4C2A-AE6A-DE5DE997E0EA}.Release|Any CPU.Deploy.0 = Release|x86
		{E5BA0CA3-F042-4C2A-AE6A-DE5DE997E0EA}.Release|ARM.ActiveCfg = Release|ARM
		{E5BA0CA3-F042-4C2A-AE6A-DE5DE997E0EA}.Release|ARM.Build.0 = Release|ARM
		{E5BA0CA3-F042-4C2A-AE6A-DE5DE997E0EA}.Release|ARM.Deploy.0 = Release|ARM
		{E5BA0CA3-F042-4C2A-AE6A-DE5DE997E0EA}.Release|iPhone.ActiveCfg = Release|x86
		{E5BA0CA3-F042-4C2A-AE6A-DE5DE997E0EA}.Release|iPhone.Build.0 = Release|x86
		{E5BA0CA3-F042-4C2A-AE6A-DE5DE997E0EA}.Release|iPhone.Deploy.0 = Release|x86
		{E5BA0CA3-F042-4C2A-AE6A-DE5DE997E0EA}.Release|iPhoneSimulator.ActiveCfg = Release|x86
		{E5BA0CA3-F042-4C2A-AE6A-DE5DE997E0EA}.Release|iPhoneSimulator.Build.0 = Release|x86
		{E5BA0CA3-F042-4C2A-AE6A-DE5DE997E0EA}.Release|iPhoneSimulator.Deploy.0 = Release|x86
		{E5BA0CA3-F042-4C2A-AE6A-DE5DE997E0EA}.Release|x64.ActiveCfg = Release|x64
		{E5BA0CA3-F042-4C2A-AE6A-DE5DE997E0EA}.Release|x64.Build.0 = Release|x64
		{E5BA0CA3-F042-4C2A-AE6A-DE5DE997E0EA}.Release|x64.Deploy.0 = Release|x64
		{E5BA0CA3-F042-4C2A-AE6A-DE5DE997E0EA}.Release|x86.ActiveCfg = Release|x86
		{E5BA0CA3-F042-4C2A-AE6A-DE5DE997E0EA}.Release|x86.Build.0 = Release|x86
		{E5BA0CA3-F042-4C2A-AE6A-DE5DE997E0EA}.Release|x86.Deploy.0 = Release|x86
		{27379BBB-C3EB-45C5-BBBB-334FB1FB957A}.Ad-Hoc|Any CPU.ActiveCfg = Debug|Any CPU
		{27379BBB-C3EB-45C5-BBBB-334FB1FB957A}.Ad-Hoc|Any CPU.Build.0 = Debug|Any CPU
		{27379BBB-C3EB-45C5-BBBB-334FB1FB957A}.Ad-Hoc|Any CPU.Deploy.0 = Debug|Any CPU
		{27379BBB-C3EB-45C5-BBBB-334FB1FB957A}.Ad-Hoc|ARM.ActiveCfg = Debug|Any CPU
		{27379BBB-C3EB-45C5-BBBB-334FB1FB957A}.Ad-Hoc|ARM.Build.0 = Debug|Any CPU
		{27379BBB-C3EB-45C5-BBBB-334FB1FB957A}.Ad-Hoc|ARM.Deploy.0 = Debug|Any CPU
		{27379BBB-C3EB-45C5-BBBB-334FB1FB957A}.Ad-Hoc|iPhone.ActiveCfg = Debug|Any CPU
		{27379BBB-C3EB-45C5-BBBB-334FB1FB957A}.Ad-Hoc|iPhone.Build.0 = Debug|Any CPU
		{27379BBB-C3EB-45C5-BBBB-334FB1FB957A}.Ad-Hoc|iPhone.Deploy.0 = Debug|Any CPU
		{27379BBB-C3EB-45C5-BBBB-334FB1FB957A}.Ad-Hoc|iPhoneSimulator.ActiveCfg = Debug|Any CPU
		{27379BBB-C3EB-45C5-BBBB-334FB1FB957A}.Ad-Hoc|iPhoneSimulator.Build.0 = Debug|Any CPU
		{27379BBB-C3EB-45C5-BBBB-334FB1FB957A}.Ad-Hoc|iPhoneSimulator.Deploy.0 = Debug|Any CPU
		{27379BBB-C3EB-45C5-BBBB-334FB1FB957A}.Ad-Hoc|x64.ActiveCfg = Debug|Any CPU
		{27379BBB-C3EB-45C5-BBBB-334FB1FB957A}.Ad-Hoc|x64.Build.0 = Debug|Any CPU
		{27379BBB-C3EB-45C5-BBBB-334FB1FB957A}.Ad-Hoc|x64.Deploy.0 = Debug|Any CPU
		{27379BBB-C3EB-45C5-BBBB-334FB1FB957A}.Ad-Hoc|x86.ActiveCfg = Debug|Any CPU
		{27379BBB-C3EB-45C5-BBBB-334FB1FB957A}.Ad-Hoc|x86.Build.0 = Debug|Any CPU
		{27379BBB-C3EB-45C5-BBBB-334FB1FB957A}.Ad-Hoc|x86.Deploy.0 = Debug|Any CPU
		{27379BBB-C3EB-45C5-BBBB-334FB1FB957A}.AppStore|Any CPU.ActiveCfg = Debug|Any CPU
		{27379BBB-C3EB-45C5-BBBB-334FB1FB957A}.AppStore|Any CPU.Build.0 = Debug|Any CPU
		{27379BBB-C3EB-45C5-BBBB-334FB1FB957A}.AppStore|Any CPU.Deploy.0 = Debug|Any CPU
		{27379BBB-C3EB-45C5-BBBB-334FB1FB957A}.AppStore|ARM.ActiveCfg = Debug|Any CPU
		{27379BBB-C3EB-45C5-BBBB-334FB1FB957A}.AppStore|ARM.Build.0 = Debug|Any CPU
		{27379BBB-C3EB-45C5-BBBB-334FB1FB957A}.AppStore|ARM.Deploy.0 = Debug|Any CPU
		{27379BBB-C3EB-45C5-BBBB-334FB1FB957A}.AppStore|iPhone.ActiveCfg = Debug|Any CPU
		{27379BBB-C3EB-45C5-BBBB-334FB1FB957A}.AppStore|iPhone.Build.0 = Debug|Any CPU
		{27379BBB-C3EB-45C5-BBBB-334FB1FB957A}.AppStore|iPhone.Deploy.0 = Debug|Any CPU
		{27379BBB-C3EB-45C5-BBBB-334FB1FB957A}.AppStore|iPhoneSimulator.ActiveCfg = Debug|Any CPU
		{27379BBB-C3EB-45C5-BBBB-334FB1FB957A}.AppStore|iPhoneSimulator.Build.0 = Debug|Any CPU
		{27379BBB-C3EB-45C5-BBBB-334FB1FB957A}.AppStore|iPhoneSimulator.Deploy.0 = Debug|Any CPU
		{27379BBB-C3EB-45C5-BBBB-334FB1FB957A}.AppStore|x64.ActiveCfg = Debug|Any CPU
		{27379BBB-C3EB-45C5-BBBB-334FB1FB957A}.AppStore|x64.Build.0 = Debug|Any CPU
		{27379BBB-C3EB-45C5-BBBB-334FB1FB957A}.AppStore|x64.Deploy.0 = Debug|Any CPU
		{27379BBB-C3EB-45C5-BBBB-334FB1FB957A}.AppStore|x86.ActiveCfg = Debug|Any CPU
		{27379BBB-C3EB-45C5-BBBB-334FB1FB957A}.AppStore|x86.Build.0 = Debug|Any CPU
		{27379BBB-C3EB-45C5-BBBB-334FB1FB957A}.AppStore|x86.Deploy.0 = Debug|Any CPU
		{27379BBB-C3EB-45C5-BBBB-334FB1FB957A}.Debug|Any CPU.ActiveCfg = Debug|Any CPU
		{27379BBB-C3EB-45C5-BBBB-334FB1FB957A}.Debug|Any CPU.Build.0 = Debug|Any CPU
		{27379BBB-C3EB-45C5-BBBB-334FB1FB957A}.Debug|Any CPU.Deploy.0 = Debug|Any CPU
		{27379BBB-C3EB-45C5-BBBB-334FB1FB957A}.Debug|ARM.ActiveCfg = Debug|Any CPU
		{27379BBB-C3EB-45C5-BBBB-334FB1FB957A}.Debug|ARM.Build.0 = Debug|Any CPU
		{27379BBB-C3EB-45C5-BBBB-334FB1FB957A}.Debug|ARM.Deploy.0 = Debug|Any CPU
		{27379BBB-C3EB-45C5-BBBB-334FB1FB957A}.Debug|iPhone.ActiveCfg = Debug|Any CPU
		{27379BBB-C3EB-45C5-BBBB-334FB1FB957A}.Debug|iPhone.Build.0 = Debug|Any CPU
		{27379BBB-C3EB-45C5-BBBB-334FB1FB957A}.Debug|iPhone.Deploy.0 = Debug|Any CPU
		{27379BBB-C3EB-45C5-BBBB-334FB1FB957A}.Debug|iPhoneSimulator.ActiveCfg = Debug|Any CPU
		{27379BBB-C3EB-45C5-BBBB-334FB1FB957A}.Debug|iPhoneSimulator.Build.0 = Debug|Any CPU
		{27379BBB-C3EB-45C5-BBBB-334FB1FB957A}.Debug|iPhoneSimulator.Deploy.0 = Debug|Any CPU
		{27379BBB-C3EB-45C5-BBBB-334FB1FB957A}.Debug|x64.ActiveCfg = Debug|Any CPU
		{27379BBB-C3EB-45C5-BBBB-334FB1FB957A}.Debug|x64.Build.0 = Debug|Any CPU
		{27379BBB-C3EB-45C5-BBBB-334FB1FB957A}.Debug|x64.Deploy.0 = Debug|Any CPU
		{27379BBB-C3EB-45C5-BBBB-334FB1FB957A}.Debug|x86.ActiveCfg = Debug|Any CPU
		{27379BBB-C3EB-45C5-BBBB-334FB1FB957A}.Debug|x86.Build.0 = Debug|Any CPU
		{27379BBB-C3EB-45C5-BBBB-334FB1FB957A}.Debug|x86.Deploy.0 = Debug|Any CPU
		{27379BBB-C3EB-45C5-BBBB-334FB1FB957A}.Release|Any CPU.ActiveCfg = Release|Any CPU
		{27379BBB-C3EB-45C5-BBBB-334FB1FB957A}.Release|Any CPU.Build.0 = Release|Any CPU
		{27379BBB-C3EB-45C5-BBBB-334FB1FB957A}.Release|Any CPU.Deploy.0 = Release|Any CPU
		{27379BBB-C3EB-45C5-BBBB-334FB1FB957A}.Release|ARM.ActiveCfg = Release|Any CPU
		{27379BBB-C3EB-45C5-BBBB-334FB1FB957A}.Release|ARM.Build.0 = Release|Any CPU
		{27379BBB-C3EB-45C5-BBBB-334FB1FB957A}.Release|ARM.Deploy.0 = Release|Any CPU
		{27379BBB-C3EB-45C5-BBBB-334FB1FB957A}.Release|iPhone.ActiveCfg = Release|Any CPU
		{27379BBB-C3EB-45C5-BBBB-334FB1FB957A}.Release|iPhone.Build.0 = Release|Any CPU
		{27379BBB-C3EB-45C5-BBBB-334FB1FB957A}.Release|iPhone.Deploy.0 = Release|Any CPU
		{27379BBB-C3EB-45C5-BBBB-334FB1FB957A}.Release|iPhoneSimulator.ActiveCfg = Release|Any CPU
		{27379BBB-C3EB-45C5-BBBB-334FB1FB957A}.Release|iPhoneSimulator.Build.0 = Release|Any CPU
		{27379BBB-C3EB-45C5-BBBB-334FB1FB957A}.Release|iPhoneSimulator.Deploy.0 = Release|Any CPU
		{27379BBB-C3EB-45C5-BBBB-334FB1FB957A}.Release|x64.ActiveCfg = Release|Any CPU
		{27379BBB-C3EB-45C5-BBBB-334FB1FB957A}.Release|x64.Build.0 = Release|Any CPU
		{27379BBB-C3EB-45C5-BBBB-334FB1FB957A}.Release|x64.Deploy.0 = Release|Any CPU
		{27379BBB-C3EB-45C5-BBBB-334FB1FB957A}.Release|x86.ActiveCfg = Release|Any CPU
		{27379BBB-C3EB-45C5-BBBB-334FB1FB957A}.Release|x86.Build.0 = Release|Any CPU
		{27379BBB-C3EB-45C5-BBBB-334FB1FB957A}.Release|x86.Deploy.0 = Release|Any CPU
	EndGlobalSection
	GlobalSection(SolutionProperties) = preSolution
		HideSolutionNode = FALSE
	EndGlobalSection
	GlobalSection(ExtensibilityGlobals) = postSolution
		SolutionGuid = {B564EB65-3F5D-42FD-86E5-2DC3E36ED842}
	EndGlobalSection
EndGlobal
